// !$*UTF8*$!
{
	archiveVersion = 1;
	classes = {
	};
	objectVersion = 46;
	objects = {

/* Begin PBXBuildFile section */
		3D25D8CB1AF6DC7D00E72D67 /* main.cpp in Sources */ = {isa = PBXBuildFile; fileRef = 3D25D8CA1AF6DC7D00E72D67 /* main.cpp */; };
		3D25D8D51AF6E67200E72D67 /* Handler.cpp in Sources */ = {isa = PBXBuildFile; fileRef = 3D25D8D31AF6E67200E72D67 /* Handler.cpp */; };
		3D25D8D81AF6E6E300E72D67 /* Request.cpp in Sources */ = {isa = PBXBuildFile; fileRef = 3D25D8D61AF6E6E300E72D67 /* Request.cpp */; };
		3D25D8DB1AF6E9CB00E72D67 /* NullHandler.cpp in Sources */ = {isa = PBXBuildFile; fileRef = 3D25D8D91AF6E9CB00E72D67 /* NullHandler.cpp */; };
		3D25D8DE1AF6ED3D00E72D67 /* IPv4Request.cpp in Sources */ = {isa = PBXBuildFile; fileRef = 3D25D8DC1AF6ED3D00E72D67 /* IPv4Request.cpp */; };
		3D25D8E11AF6F00D00E72D67 /* IPv6Request.cpp in Sources */ = {isa = PBXBuildFile; fileRef = 3D25D8DF1AF6F00D00E72D67 /* IPv6Request.cpp */; };
/* End PBXBuildFile section */

/* Begin PBXCopyFilesBuildPhase section */
		3D25D8C51AF6DC7D00E72D67 /* CopyFiles */ = {
			isa = PBXCopyFilesBuildPhase;
			buildActionMask = 2147483647;
			dstPath = /usr/share/man/man1/;
			dstSubfolderSpec = 0;
			files = (
			);
			runOnlyForDeploymentPostprocessing = 1;
		};
/* End PBXCopyFilesBuildPhase section */

/* Begin PBXFileReference section */
		3D25D8C71AF6DC7D00E72D67 /* Final WAShowalter */ = {isa = PBXFileReference; explicitFileType = "compiled.mach-o.executable"; includeInIndex = 0; path = "Final WAShowalter"; sourceTree = BUILT_PRODUCTS_DIR; };
		3D25D8CA1AF6DC7D00E72D67 /* main.cpp */ = {isa = PBXFileReference; lastKnownFileType = sourcecode.cpp.cpp; path = main.cpp; sourceTree = "<group>"; };
		3D25D8D31AF6E67200E72D67 /* Handler.cpp */ = {isa = PBXFileReference; fileEncoding = 4; lastKnownFileType = sourcecode.cpp.cpp; name = Handler.cpp; path = Handlers/Handler.cpp; sourceTree = "<group>"; };
		3D25D8D41AF6E67200E72D67 /* Handler.h */ = {isa = PBXFileReference; fileEncoding = 4; lastKnownFileType = sourcecode.c.h; name = Handler.h; path = Handlers/Handler.h; sourceTree = "<group>"; };
		3D25D8D61AF6E6E300E72D67 /* Request.cpp */ = {isa = PBXFileReference; fileEncoding = 4; lastKnownFileType = sourcecode.cpp.cpp; name = Request.cpp; path = Requests/Request.cpp; sourceTree = "<group>"; };
		3D25D8D71AF6E6E300E72D67 /* Request.h */ = {isa = PBXFileReference; fileEncoding = 4; lastKnownFileType = sourcecode.c.h; name = Request.h; path = Requests/Request.h; sourceTree = "<group>"; };
		3D25D8D91AF6E9CB00E72D67 /* NullHandler.cpp */ = {isa = PBXFileReference; fileEncoding = 4; lastKnownFileType = sourcecode.cpp.cpp; name = NullHandler.cpp; path = Handlers/NullHandler.cpp; sourceTree = "<group>"; };
		3D25D8DA1AF6E9CB00E72D67 /* NullHandler.h */ = {isa = PBXFileReference; fileEncoding = 4; lastKnownFileType = sourcecode.c.h; name = NullHandler.h; path = Handlers/NullHandler.h; sourceTree = "<group>"; };
		3D25D8DC1AF6ED3D00E72D67 /* IPv4Request.cpp */ = {isa = PBXFileReference; fileEncoding = 4; lastKnownFileType = sourcecode.cpp.cpp; name = IPv4Request.cpp; path = Requests/IPv4Request.cpp; sourceTree = "<group>"; };
		3D25D8DD1AF6ED3D00E72D67 /* IPv4Request.h */ = {isa = PBXFileReference; fileEncoding = 4; lastKnownFileType = sourcecode.c.h; name = IPv4Request.h; path = Requests/IPv4Request.h; sourceTree = "<group>"; };
		3D25D8DF1AF6F00D00E72D67 /* IPv6Request.cpp */ = {isa = PBXFileReference; fileEncoding = 4; lastKnownFileType = sourcecode.cpp.cpp; name = IPv6Request.cpp; path = Requests/IPv6Request.cpp; sourceTree = "<group>"; };
		3D25D8E01AF6F00D00E72D67 /* IPv6Request.h */ = {isa = PBXFileReference; fileEncoding = 4; lastKnownFileType = sourcecode.c.h; name = IPv6Request.h; path = Requests/IPv6Request.h; sourceTree = "<group>"; };
/* End PBXFileReference section */

/* Begin PBXFrameworksBuildPhase section */
		3D25D8C41AF6DC7D00E72D67 /* Frameworks */ = {
			isa = PBXFrameworksBuildPhase;
			buildActionMask = 2147483647;
			files = (
			);
			runOnlyForDeploymentPostprocessing = 0;
		};
/* End PBXFrameworksBuildPhase section */

/* Begin PBXGroup section */
		3D25D8BE1AF6DC7D00E72D67 = {
			isa = PBXGroup;
			children = (
				3D25D8C91AF6DC7D00E72D67 /* Final WAShowalter */,
				3D25D8C81AF6DC7D00E72D67 /* Products */,
			);
			sourceTree = "<group>";
		};
		3D25D8C81AF6DC7D00E72D67 /* Products */ = {
			isa = PBXGroup;
			children = (
				3D25D8C71AF6DC7D00E72D67 /* Final WAShowalter */,
			);
			name = Products;
			sourceTree = "<group>";
		};
		3D25D8C91AF6DC7D00E72D67 /* Final WAShowalter */ = {
			isa = PBXGroup;
			children = (
				3D25D8D21AF6E64900E72D67 /* Requests */,
				3D25D8D11AF6E64000E72D67 /* Handlers */,
				3D25D8CA1AF6DC7D00E72D67 /* main.cpp */,
			);
			path = "Final WAShowalter";
			sourceTree = "<group>";
		};
		3D25D8D11AF6E64000E72D67 /* Handlers */ = {
			isa = PBXGroup;
			children = (
				3D25D8D31AF6E67200E72D67 /* Handler.cpp */,
				3D25D8D41AF6E67200E72D67 /* Handler.h */,
				3D25D8D91AF6E9CB00E72D67 /* NullHandler.cpp */,
				3D25D8DA1AF6E9CB00E72D67 /* NullHandler.h */,
			);
			name = Handlers;
			sourceTree = "<group>";
		};
		3D25D8D21AF6E64900E72D67 /* Requests */ = {
			isa = PBXGroup;
			children = (
				3D25D8D61AF6E6E300E72D67 /* Request.cpp */,
				3D25D8D71AF6E6E300E72D67 /* Request.h */,
				3D25D8DC1AF6ED3D00E72D67 /* IPv4Request.cpp */,
				3D25D8DD1AF6ED3D00E72D67 /* IPv4Request.h */,
				3D25D8DF1AF6F00D00E72D67 /* IPv6Request.cpp */,
				3D25D8E01AF6F00D00E72D67 /* IPv6Request.h */,
			);
			name = Requests;
			sourceTree = "<group>";
		};
/* End PBXGroup section */

/* Begin PBXNativeTarget section */
		3D25D8C61AF6DC7D00E72D67 /* Final WAShowalter */ = {
			isa = PBXNativeTarget;
			buildConfigurationList = 3D25D8CE1AF6DC7D00E72D67 /* Build configuration list for PBXNativeTarget "Final WAShowalter" */;
			buildPhases = (
				3D25D8C31AF6DC7D00E72D67 /* Sources */,
				3D25D8C41AF6DC7D00E72D67 /* Frameworks */,
				3D25D8C51AF6DC7D00E72D67 /* CopyFiles */,
			);
			buildRules = (
			);
			dependencies = (
			);
			name = "Final WAShowalter";
			productName = "Final WAShowalter";
			productReference = 3D25D8C71AF6DC7D00E72D67 /* Final WAShowalter */;
			productType = "com.apple.product-type.tool";
		};
/* End PBXNativeTarget section */

/* Begin PBXProject section */
		3D25D8BF1AF6DC7D00E72D67 /* Project object */ = {
			isa = PBXProject;
			attributes = {
				LastUpgradeCheck = 0630;
				ORGANIZATIONNAME = "William Showalter";
				TargetAttributes = {
					3D25D8C61AF6DC7D00E72D67 = {
						CreatedOnToolsVersion = 6.3.1;
					};
				};
			};
			buildConfigurationList = 3D25D8C21AF6DC7D00E72D67 /* Build configuration list for PBXProject "Final WAShowalter" */;
			compatibilityVersion = "Xcode 3.2";
			developmentRegion = English;
			hasScannedForEncodings = 0;
			knownRegions = (
				en,
			);
			mainGroup = 3D25D8BE1AF6DC7D00E72D67;
			productRefGroup = 3D25D8C81AF6DC7D00E72D67 /* Products */;
			projectDirPath = "";
			projectRoot = "";
			targets = (
				3D25D8C61AF6DC7D00E72D67 /* Final WAShowalter */,
			);
		};
/* End PBXProject section */

/* Begin PBXSourcesBuildPhase section */
		3D25D8C31AF6DC7D00E72D67 /* Sources */ = {
			isa = PBXSourcesBuildPhase;
			buildActionMask = 2147483647;
			files = (
				3D25D8E11AF6F00D00E72D67 /* IPv6Request.cpp in Sources */,
				3D25D8D81AF6E6E300E72D67 /* Request.cpp in Sources */,
				3D25D8DB1AF6E9CB00E72D67 /* NullHandler.cpp in Sources */,
				3D25D8DE1AF6ED3D00E72D67 /* IPv4Request.cpp in Sources */,
				3D25D8D51AF6E67200E72D67 /* Handler.cpp in Sources */,
				3D25D8CB1AF6DC7D00E72D67 /* main.cpp in Sources */,
			);
			runOnlyForDeploymentPostprocessing = 0;
		};
/* End PBXSourcesBuildPhase section */

/* Begin XCBuildConfiguration section */
		3D25D8CC1AF6DC7D00E72D67 /* Debug */ = {
			isa = XCBuildConfiguration;
			buildSettings = {
				ALWAYS_SEARCH_USER_PATHS = NO;
				CLANG_CXX_LANGUAGE_STANDARD = "gnu++0x";
				CLANG_CXX_LIBRARY = "libc++";
				CLANG_ENABLE_MODULES = YES;
				CLANG_ENABLE_OBJC_ARC = YES;
				CLANG_WARN_BOOL_CONVERSION = YES;
				CLANG_WARN_CONSTANT_CONVERSION = YES;
				CLANG_WARN_DIRECT_OBJC_ISA_USAGE = YES_ERROR;
				CLANG_WARN_EMPTY_BODY = YES;
				CLANG_WARN_ENUM_CONVERSION = YES;
				CLANG_WARN_INT_CONVERSION = YES;
				CLANG_WARN_OBJC_ROOT_CLASS = YES_ERROR;
				CLANG_WARN_UNREACHABLE_CODE = YES;
				CLANG_WARN__DUPLICATE_METHOD_MATCH = YES;
				COPY_PHASE_STRIP = NO;
				DEBUG_INFORMATION_FORMAT = dwarf;
				ENABLE_STRICT_OBJC_MSGSEND = YES;
				GCC_C_LANGUAGE_STANDARD = gnu99;
				GCC_DYNAMIC_NO_PIC = NO;
				GCC_NO_COMMON_BLOCKS = YES;
				GCC_OPTIMIZATION_LEVEL = 0;
				GCC_PREPROCESSOR_DEFINITIONS = (
					"DEBUG=1",
					"$(inherited)",
				);
				GCC_SYMBOLS_PRIVATE_EXTERN = NO;
				GCC_WARN_64_TO_32_BIT_CONVERSION = YES;
				GCC_WARN_ABOUT_RETURN_TYPE = YES_ERROR;
				GCC_WARN_UNDECLARED_SELECTOR = YES;
				GCC_WARN_UNINITIALIZED_AUTOS = YES_AGGRESSIVE;
				GCC_WARN_UNUSED_FUNCTION = YES;
				GCC_WARN_UNUSED_VARIABLE = YES;
				MACOSX_DEPLOYMENT_TARGET = 10.10;
				MTL_ENABLE_DEBUG_INFO = YES;
				ONLY_ACTIVE_ARCH = YES;
				SDKROOT = macosx;
			};
			name = Debug;
		};
		3D25D8CD1AF6DC7D00E72D67 /* Release */ = {
			isa = XCBuildConfiguration;
			buildSettings = {
				ALWAYS_SEARCH_USER_PATHS = NO;
				CLANG_CXX_LANGUAGE_STANDARD = "gnu++0x";
				CLANG_CXX_LIBRARY = "libc++";
				CLANG_ENABLE_MODULES = YES;
				CLANG_ENABLE_OBJC_ARC = YES;
				CLANG_WARN_BOOL_CONVERSION = YES;
				CLANG_WARN_CONSTANT_CONVERSION = YES;
				CLANG_WARN_DIRECT_OBJC_ISA_USAGE = YES_ERROR;
				CLANG_WARN_EMPTY_BODY = YES;
				CLANG_WARN_ENUM_CONVERSION = YES;
				CLANG_WARN_INT_CONVERSION = YES;
				CLANG_WARN_OBJC_ROOT_CLASS = YES_ERROR;
				CLANG_WARN_UNREACHABLE_CODE = YES;
				CLANG_WARN__DUPLICATE_METHOD_MATCH = YES;
				COPY_PHASE_STRIP = NO;
				DEBUG_INFORMATION_FORMAT = "dwarf-with-dsym";
				ENABLE_NS_ASSERTIONS = NO;
				ENABLE_STRICT_OBJC_MSGSEND = YES;
				GCC_C_LANGUAGE_STANDARD = gnu99;
				GCC_NO_COMMON_BLOCKS = YES;
				GCC_WARN_64_TO_32_BIT_CONVERSION = YES;
				GCC_WARN_ABOUT_RETURN_TYPE = YES_ERROR;
				GCC_WARN_UNDECLARED_SELECTOR = YES;
				GCC_WARN_UNINITIALIZED_AUTOS = YES_AGGRESSIVE;
				GCC_WARN_UNUSED_FUNCTION = YES;
				GCC_WARN_UNUSED_VARIABLE = YES;
				MACOSX_DEPLOYMENT_TARGET = 10.10;
				MTL_ENABLE_DEBUG_INFO = NO;
				SDKROOT = macosx;
			};
			name = Release;
		};
		3D25D8CF1AF6DC7D00E72D67 /* Debug */ = {
			isa = XCBuildConfiguration;
			buildSettings = {
				CLANG_CXX_LANGUAGE_STANDARD = "c++14";
				PRODUCT_NAME = "$(TARGET_NAME)";
			};
			name = Debug;
		};
		3D25D8D01AF6DC7D00E72D67 /* Release */ = {
			isa = XCBuildConfiguration;
			buildSettings = {
				CLANG_CXX_LANGUAGE_STANDARD = "c++14";
				PRODUCT_NAME = "$(TARGET_NAME)";
			};
			name = Release;
		};
/* End XCBuildConfiguration section */

/* Begin XCConfigurationList section */
		3D25D8C21AF6DC7D00E72D67 /* Build configuration list for PBXProject "Final WAShowalter" */ = {
			isa = XCConfigurationList;
			buildConfigurations = (
				3D25D8CC1AF6DC7D00E72D67 /* Debug */,
				3D25D8CD1AF6DC7D00E72D67 /* Release */,
			);
			defaultConfigurationIsVisible = 0;
			defaultConfigurationName = Release;
		};
		3D25D8CE1AF6DC7D00E72D67 /* Build configuration list for PBXNativeTarget "Final WAShowalter" */ = {
			isa = XCConfigurationList;
			buildConfigurations = (
				3D25D8CF1AF6DC7D00E72D67 /* Debug */,
				3D25D8D01AF6DC7D00E72D67 /* Release */,
			);
			defaultConfigurationIsVisible = 0;
		};
/* End XCConfigurationList section */
	};
	rootObject = 3D25D8BF1AF6DC7D00E72D67 /* Project object */;
}
